
Microsoft Visual Studio Solution File, Format Version 12.00
# Visual Studio 15
VisualStudioVersion = 15.0.27428.2043
MinimumVisualStudioVersion = 10.0.40219.1
Project("{FAE04EC0-301F-11D3-BF4B-00C04F79EFBC}") = "LESSRatioConverter", "LESSRatioConverter\LESSRatioConverter.csproj", "{E2B10F10-3B29-4128-94BA-48950CFEAC0D}"
EndProject
Global
	GlobalSection(SolutionConfigurationPlatforms) = preSolution
		Debug|Any CPU = Debug|Any CPU
		Release|Any CPU = Release|Any CPU
	EndGlobalSection
	GlobalSection(ProjectConfigurationPlatforms) = postSolution
		{E2B10F10-3B29-4128-94BA-48950CFEAC0D}.Debug|Any CPU.ActiveCfg = Debug|Any CPU
		{E2B10F10-3B29-4128-94BA-48950CFEAC0D}.Debug|Any CPU.Build.0 = Debug|Any CPU
		{E2B10F10-3B29-4128-94BA-48950CFEAC0D}.Release|Any CPU.ActiveCfg = Release|Any CPU
		{E2B10F10-3B29-4128-94BA-48950CFEAC0D}.Release|Any CPU.Build.0 = Release|Any CPU
	EndGlobalSection
	GlobalSection(SolutionProperties) = preSolution
		HideSolutionNode = FALSE
	EndGlobalSection
	GlobalSection(ExtensibilityGlobals) = postSolution
		SolutionGuid = {3BB93B49-9454-4699-8D03-8C8D44B777DB}
	EndGlobalSection
EndGlobal
